github.com/xhd2015/xgo v1.1.9 h1:jJf5Qp7TYsMFb1MS9eh4UwkAAk4sW5UV0FXACLpruA4=
github.com/xhd2015/xgo v1.1.9/go.mod h1:LJxlcYSaXo/9YpsnB3yHh9NHe7BRettYCytaNGWY2BE=
github.com/xhd2015/xgo/runtime v1.1.9 h1:nhfc4v6yqhzUZ5S0QQ7iwGjnVJYGbK7JhkHLUc+M1S8=
github.com/xhd2015/xgo/runtime v1.1.9/go.mod h1:9GBQ2SzJCzpD3T+HRN+2C0TUOGv7qIz4s0mad1xJ8Jo=
